
Microsoft Visual Studio Solution File, Format Version 12.00
# Visual Studio Version 17
VisualStudioVersion = 17.10.35027.167
MinimumVisualStudioVersion = 10.0.40219.1
Project("{FAE04EC0-301F-11D3-BF4B-00C04F79EFBC}") = "AjaxTest", "AjaxTest\AjaxTest.csproj", "{552CD90C-B348-4303-BC2B-A06171B3DFBE}"
EndProject
Global
	GlobalSection(SolutionConfigurationPlatforms) = preSolution
		Debug|Any CPU = Debug|Any CPU
		Release|Any CPU = Release|Any CPU
	EndGlobalSection
	GlobalSection(ProjectConfigurationPlatforms) = postSolution
		{552CD90C-B348-4303-BC2B-A06171B3DFBE}.Debug|Any CPU.ActiveCfg = Debug|Any CPU
		{552CD90C-B348-4303-BC2B-A06171B3DFBE}.Debug|Any CPU.Build.0 = Debug|Any CPU
		{552CD90C-B348-4303-BC2B-A06171B3DFBE}.Release|Any CPU.ActiveCfg = Release|Any CPU
		{552CD90C-B348-4303-BC2B-A06171B3DFBE}.Release|Any CPU.Build.0 = Release|Any CPU
	EndGlobalSection
	GlobalSection(SolutionProperties) = preSolution
		HideSolutionNode = FALSE
	EndGlobalSection
	GlobalSection(ExtensibilityGlobals) = postSolution
		SolutionGuid = {BA8345B6-F958-431C-BE93-15BEF3C323E9}
	EndGlobalSection
EndGlobal
